%{
  "certifi": {:hex, :certifi, "2.13.0", "e52be248590050b2dd33b0bb274b56678f9068e67805dca8aa8b1ccdb016bbf6", [:rebar3], [], "hexpm", "8f3d9533a0f06070afdfd5d596b32e21c6580667a492891851b0e2737bc507a1"},
  "cowlib": {:hex, :cowlib, "2.13.0", "db8f7505d8332d98ef50a3ef34b34c1afddec7506e4ee4dd4a3a266285d282ca", [:make, :rebar3], [], "hexpm", "e1e1284dc3fc030a64b1ad0d8382ae7e99da46c3246b815318a4b848873800a4"},
  "eunit_formatters": {:hex, :eunit_formatters, "0.3.1", "7a6fc351eb5b873e2356b8852eb751e20c13a72fbca03393cf682b8483509573", [:rebar3], [], "hexpm", "64a40741429b7aff149c605d5a6135a48046af394a7282074e6003b3b56ae931"},
  "gleam_erlang": {:hex, :gleam_erlang, "0.25.0", "c9415ec4c48cfaac03f073c7c85c302dca1c07b95463218d44d984b4236baa2c", [:gleam], [{:gleam_stdlib, ">= 0.33.0 and < 2.0.0", [hex: :gleam_stdlib, repo: "hexpm", optional: false]}], "hexpm", "054d571a7092d2a9727b3e5d183b7507dab0da41556ec9133606f09c15497373"},
  "gleam_http": {:hex, :gleam_http, "3.6.0", "80d8f5689cea09a2de8c79accfa5e52019bd4567c9905b058ef90c6d9fff9340", [:gleam], [{:gleam_stdlib, "~> 0.32", [hex: :gleam_stdlib, repo: "hexpm", optional: false]}], "hexpm", "8c07df9df8cc7f054c650839a51c30a7d3c26482ac241c899c1cea86b22dbe51"},
  "gleam_httpc": {:hex, :gleam_httpc, "2.2.0", "5cec3b1a035df6c708641282a6b8ad0cc2275fd0c5e30c4a5b4a7eda7b42aee3", [:gleam], [{:gleam_http, "~> 3.0", [hex: :gleam_http, repo: "hexpm", optional: false]}, {:gleam_stdlib, "~> 0.32 or ~> 1.0", [hex: :gleam_stdlib, repo: "hexpm", optional: false]}], "hexpm", "cf76c71002deecf6dc5d9ca83d962728fae166b57926be442d827004d3c7df1b"},
  "gleam_json": {:hex, :gleam_json, "1.0.0", "d76d8b1dac30a66fcfe8047c812379f7bfeccf9d2c3dcee0d708f8c0bf3cedef", [:gleam], [{:gleam_stdlib, "~> 0.19 or ~> 1.0", [hex: :gleam_stdlib, repo: "hexpm", optional: false]}, {:thoas, "~> 0.2", [hex: :thoas, repo: "hexpm", optional: false]}], "hexpm", "8b197dd5d578ea6ac2c0d4bdc634c71a5bca8e7db5f47091c263ecb411a60df3"},
  "gleam_otp": {:hex, :gleam_otp, "0.10.0", "17dc621ad14dbc95515d064330b4d94df4687db9eafa9d01e8ecc0a44dd4f35b", [:gleam], [{:gleam_erlang, "~> 0.22", [hex: :gleam_erlang, repo: "hexpm", optional: false]}, {:gleam_stdlib, "~> 0.32", [hex: :gleam_stdlib, repo: "hexpm", optional: false]}], "hexpm", "0b04fe915acece539b317f9652caadbbc0f000184d586aaaf2d94c100945d72b"},
  "gleam_stdlib": {:hex, :gleam_stdlib, "0.36.0", "94e6ade9a15196af7fbd533698dcf42dbe9fa4b93c2e7c82140e1305af2effd9", [:gleam], [], "hexpm", "c0d14d807fec6f8a08a7c9ef8dfde6ae5c10e40e21325b2b29365965d82eb3d4"},
  "gleeunit": {:hex, :gleeunit, "1.1.2", "2392aeabd3452d70477f464e6764081b8909436a810501d253e4d3cbf0d070c5", [:gleam], [{:gleam_stdlib, "~> 0.32", [hex: :gleam_stdlib, repo: "hexpm", optional: false]}], "hexpm", "72cdc3d3f719478f26c4e2c5fed3e657ac81ec14a47d2d2debb8693ca3220c3b"},
  "gun": {:hex, :gun, "2.1.0", "b4e4cbbf3026d21981c447e9e7ca856766046eff693720ba43114d7f5de36e87", [:make, :rebar3], [{:cowlib, "2.13.0", [hex: :cowlib, repo: "hexpm", optional: false]}], "hexpm", "52fc7fc246bfc3b00e01aea1c2854c70a366348574ab50c57dfe796d24a0101d"},
  "mix_erlang_tasks": {:hex, :mix_erlang_tasks, "0.1.0", "36819fec60b80689eb1380938675af215565a89320a9e29c72c70d97512e4649", [:mix], [], "hexpm", "95d2839c422c482a70c08a8702da8242f86b773f8ab6e8602a4eb72da8da04ed"},
  "mix_eunit": {:git, "https://github.com/dantswain/mix_eunit.git", "2de69eb7c17807c146f997cf416f3161f4c4b0e6", [branch: "master"]},
  "thoas": {:hex, :thoas, "0.4.1", "5471b049afd1c63b67b772a181a127b2c9aca398b4d1ae877ad49959109e50c4", [:rebar3], [], "hexpm", "4918d50026c073c4ab1388437132c77a6f6f7c8ac43c60c13758cc0adce2134e"},
}
